dependencies:
- name: cert-manager
  repository: oci://quay.io/jetstack/charts
  version: v1.20.2
- name: cloudnative-pg
  repository: https://cloudnative-pg.github.io/charts
  version: 0.28.0
- name: nginx-gateway-fabric
  repository: oci://ghcr.io/nginx/charts
  version: 2.6.2
- name: gateway-api-crds
  repository: file://../gateway-api-crds
  version: 0.1.0
digest: sha256:550cddd3dc7dc029836b4a3bcbf320410a0127ae33705e86b4c51a4a1d4e91af
generated: "2026-06-03T21:25:00.477189996+03:00"
